
Microsoft Visual Studio Solution File, Format Version 11.00
# Visual Studio 2010
Project("{FAE04EC0-301F-11D3-BF4B-00C04F79EFBC}") = "DotNetCurry.HtmlHelpers", "DotNetCurry.HtmlHelpers\DotNetCurry.HtmlHelpers.csproj", "{BB7A56D8-30C6-4B13-8345-C3AECD100AF6}"
EndProject
Project("{FAE04EC0-301F-11D3-BF4B-00C04F79EFBC}") = "DotNetCurry.HtmlHelpers.WebHarness", "DotNetCurry.HtmlHelpers.WebHarness\DotNetCurry.HtmlHelpers.WebHarness.csproj", "{7A7F3EB8-F07A-474F-8D7A-722149C07BAB}"
EndProject
Project("{2150E333-8FDC-42A3-9474-1A3956D46DE8}") = ".nuget", ".nuget", "{362C69AA-DCDC-414E-937A-76764EDA1B2F}"
	ProjectSection(SolutionItems) = preProject
		.nuget\NuGet.Config = .nuget\NuGet.Config
		.nuget\nuget.exe = .nuget\nuget.exe
		.nuget\NuGet.targets = .nuget\NuGet.targets
	EndProjectSection
EndProject
Global
	GlobalSection(SolutionConfigurationPlatforms) = preSolution
		Debug|Any CPU = Debug|Any CPU
		Release|Any CPU = Release|Any CPU
	EndGlobalSection
	GlobalSection(ProjectConfigurationPlatforms) = postSolution
		{BB7A56D8-30C6-4B13-8345-C3AECD100AF6}.Debug|Any CPU.ActiveCfg = Debug|Any CPU
		{BB7A56D8-30C6-4B13-8345-C3AECD100AF6}.Debug|Any CPU.Build.0 = Debug|Any CPU
		{BB7A56D8-30C6-4B13-8345-C3AECD100AF6}.Release|Any CPU.ActiveCfg = Release|Any CPU
		{BB7A56D8-30C6-4B13-8345-C3AECD100AF6}.Release|Any CPU.Build.0 = Release|Any CPU
		{7A7F3EB8-F07A-474F-8D7A-722149C07BAB}.Debug|Any CPU.ActiveCfg = Debug|Any CPU
		{7A7F3EB8-F07A-474F-8D7A-722149C07BAB}.Debug|Any CPU.Build.0 = Debug|Any CPU
		{7A7F3EB8-F07A-474F-8D7A-722149C07BAB}.Release|Any CPU.ActiveCfg = Release|Any CPU
		{7A7F3EB8-F07A-474F-8D7A-722149C07BAB}.Release|Any CPU.Build.0 = Release|Any CPU
	EndGlobalSection
	GlobalSection(SolutionProperties) = preSolution
		HideSolutionNode = FALSE
	EndGlobalSection
EndGlobal
